
Microsoft Visual Studio Solution File, Format Version 12.00
# Visual Studio Version 17
VisualStudioVersion = 17.3.32819.101
MinimumVisualStudioVersion = 10.0.40219.1
Project("{9A19103F-16F7-4668-BE54-9A1E7A4F7556}") = "MMABooksEFClasses", "MMABooksEFClasses\MMABooksEFClasses.csproj", "{F660FF91-FC76-4425-A8FC-BEC6B3BCC2A8}"
EndProject
Project("{9A19103F-16F7-4668-BE54-9A1E7A4F7556}") = "MMABooksTests", "MMABooksTests\MMABooksTests.csproj", "{47A0FD5B-CC46-4F22-AED1-C0B27CB17427}"
EndProject
Project("{FAE04EC0-301F-11D3-BF4B-00C04F79EFBC}") = "MMABOOKSRESTAPI", "MMABOOKSRESTAPI\MMABOOKSRESTAPI.csproj", "{B4430B97-C7A2-449F-AD5C-4F267C092F29}"
EndProject
Global
	GlobalSection(SolutionConfigurationPlatforms) = preSolution
		Debug|Any CPU = Debug|Any CPU
		Release|Any CPU = Release|Any CPU
	EndGlobalSection
	GlobalSection(ProjectConfigurationPlatforms) = postSolution
		{F660FF91-FC76-4425-A8FC-BEC6B3BCC2A8}.Debug|Any CPU.ActiveCfg = Debug|Any CPU
		{F660FF91-FC76-4425-A8FC-BEC6B3BCC2A8}.Debug|Any CPU.Build.0 = Debug|Any CPU
		{F660FF91-FC76-4425-A8FC-BEC6B3BCC2A8}.Release|Any CPU.ActiveCfg = Release|Any CPU
		{F660FF91-FC76-4425-A8FC-BEC6B3BCC2A8}.Release|Any CPU.Build.0 = Release|Any CPU
		{47A0FD5B-CC46-4F22-AED1-C0B27CB17427}.Debug|Any CPU.ActiveCfg = Debug|Any CPU
		{47A0FD5B-CC46-4F22-AED1-C0B27CB17427}.Debug|Any CPU.Build.0 = Debug|Any CPU
		{47A0FD5B-CC46-4F22-AED1-C0B27CB17427}.Release|Any CPU.ActiveCfg = Release|Any CPU
		{47A0FD5B-CC46-4F22-AED1-C0B27CB17427}.Release|Any CPU.Build.0 = Release|Any CPU
		{B4430B97-C7A2-449F-AD5C-4F267C092F29}.Debug|Any CPU.ActiveCfg = Debug|Any CPU
		{B4430B97-C7A2-449F-AD5C-4F267C092F29}.Debug|Any CPU.Build.0 = Debug|Any CPU
		{B4430B97-C7A2-449F-AD5C-4F267C092F29}.Release|Any CPU.ActiveCfg = Release|Any CPU
		{B4430B97-C7A2-449F-AD5C-4F267C092F29}.Release|Any CPU.Build.0 = Release|Any CPU
	EndGlobalSection
	GlobalSection(SolutionProperties) = preSolution
		HideSolutionNode = FALSE
	EndGlobalSection
	GlobalSection(ExtensibilityGlobals) = postSolution
		SolutionGuid = {FEF614D2-E10E-4DF4-BF70-B18C2A93DB2B}
	EndGlobalSection
EndGlobal
